
Microsoft Visual Studio Solution File, Format Version 12.00
# Visual Studio 15
VisualStudioVersion = 15.0.27130.2003
MinimumVisualStudioVersion = 10.0.40219.1
Project("{FAE04EC0-301F-11D3-BF4B-00C04F79EFBC}") = "GestaoHoteleira", "GestaoHoteleira\GestaoHoteleira.csproj", "{7E7FC346-E460-4348-AA55-83E89716FD81}"
EndProject
Global
	GlobalSection(SolutionConfigurationPlatforms) = preSolution
		Debug|Any CPU = Debug|Any CPU
		Release|Any CPU = Release|Any CPU
	EndGlobalSection
	GlobalSection(ProjectConfigurationPlatforms) = postSolution
		{7E7FC346-E460-4348-AA55-83E89716FD81}.Debug|Any CPU.ActiveCfg = Debug|Any CPU
		{7E7FC346-E460-4348-AA55-83E89716FD81}.Debug|Any CPU.Build.0 = Debug|Any CPU
		{7E7FC346-E460-4348-AA55-83E89716FD81}.Release|Any CPU.ActiveCfg = Release|Any CPU
		{7E7FC346-E460-4348-AA55-83E89716FD81}.Release|Any CPU.Build.0 = Release|Any CPU
	EndGlobalSection
	GlobalSection(SolutionProperties) = preSolution
		HideSolutionNode = FALSE
	EndGlobalSection
	GlobalSection(ExtensibilityGlobals) = postSolution
		SolutionGuid = {08FA342D-BFC2-4A7F-9785-E07C492CB03B}
	EndGlobalSection
EndGlobal
